{
  "name": "final_build",
  "version": "1.0.0",
  "lockfileVersion": 1,
  "requires": true,
  "dependencies": {
    "profane-words": {
      "version": "1.4.0",
      "resolved": "https://registry.npmjs.org/profane-words/-/profane-words-1.4.0.tgz",
      "integrity": "sha512-BPRljoMMDL7M2W61iDgZ/uHfTmptEtd4Is41C6xXbNYfw0B0U41pl3NcZxxihMOZq4XHGsiapEB1ufXV9LPevA=="
    },
    "sentiment": {
      "version": "5.0.2",
      "resolved": "https://registry.npmjs.org/sentiment/-/sentiment-5.0.2.tgz",
      "integrity": "sha512-ZeC3y0JsOYTdwujt5uOd7ILJNilbgFzUtg/LEG4wUv43LayFNLZ28ec8+Su+h3saHlJmIwYxBzfDHHZuiMA15g=="
    },
    "tldts": {
      "version": "5.7.35",
      "resolved": "https://registry.npmjs.org/tldts/-/tldts-5.7.35.tgz",
      "integrity": "sha512-fD9b1G87Hic7Vci53D7UyjrGpyfySQ/4C3kk9STeYZlbWh+v9uPI+PsIKriX5qVbqwFus8tedjkXwiEIqPrAqQ==",
      "requires": {
        "tldts-core": "^5.7.35"
      }
    },
    "tldts-core": {
      "version": "5.7.35",
      "resolved": "https://registry.npmjs.org/tldts-core/-/tldts-core-5.7.35.tgz",
      "integrity": "sha512-QBLLDnGzTOTDpbyEm6z7rnWljYPy5Q5ksSEpJpdFGixZK58aXwqTYSjH0d0WOGuNH+Od6H4gKK16D3BltpxMJw=="
    }
  }
}
